
Microsoft Visual Studio Solution File, Format Version 12.00
# Visual Studio Version 17
VisualStudioVersion = 17.9.34714.143
MinimumVisualStudioVersion = 10.0.40219.1
Project("{FAE04EC0-301F-11D3-BF4B-00C04F79EFBC}") = "Contacts.Maui", "Contacts.Maui\Contacts.Maui.csproj", "{7409C646-0F6C-485C-BD81-A44681E84579}"
EndProject
Global
	GlobalSection(SolutionConfigurationPlatforms) = preSolution
		Debug|Any CPU = Debug|Any CPU
		Release|Any CPU = Release|Any CPU
	EndGlobalSection
	GlobalSection(ProjectConfigurationPlatforms) = postSolution
		{7409C646-0F6C-485C-BD81-A44681E84579}.Debug|Any CPU.ActiveCfg = Debug|Any CPU
		{7409C646-0F6C-485C-BD81-A44681E84579}.Debug|Any CPU.Build.0 = Debug|Any CPU
		{7409C646-0F6C-485C-BD81-A44681E84579}.Debug|Any CPU.Deploy.0 = Debug|Any CPU
		{7409C646-0F6C-485C-BD81-A44681E84579}.Release|Any CPU.ActiveCfg = Release|Any CPU
		{7409C646-0F6C-485C-BD81-A44681E84579}.Release|Any CPU.Build.0 = Release|Any CPU
		{7409C646-0F6C-485C-BD81-A44681E84579}.Release|Any CPU.Deploy.0 = Release|Any CPU
	EndGlobalSection
	GlobalSection(SolutionProperties) = preSolution
		HideSolutionNode = FALSE
	EndGlobalSection
	GlobalSection(ExtensibilityGlobals) = postSolution
		SolutionGuid = {EF68A5C9-DC0D-4E93-96D9-215A3CFF732E}
	EndGlobalSection
EndGlobal
